
Microsoft Visual Studio Solution File, Format Version 12.00
# Visual Studio Version 17
VisualStudioVersion = 17.10.35027.167
MinimumVisualStudioVersion = 10.0.40219.1
Project("{FAE04EC0-301F-11D3-BF4B-00C04F79EFBC}") = "Peliculas", "Peliculas\Peliculas.csproj", "{2D5958CF-8F48-4741-A7FC-1951F4A53340}"
EndProject
Global
	GlobalSection(SolutionConfigurationPlatforms) = preSolution
		Debug|Any CPU = Debug|Any CPU
		Release|Any CPU = Release|Any CPU
	EndGlobalSection
	GlobalSection(ProjectConfigurationPlatforms) = postSolution
		{2D5958CF-8F48-4741-A7FC-1951F4A53340}.Debug|Any CPU.ActiveCfg = Debug|Any CPU
		{2D5958CF-8F48-4741-A7FC-1951F4A53340}.Debug|Any CPU.Build.0 = Debug|Any CPU
		{2D5958CF-8F48-4741-A7FC-1951F4A53340}.Release|Any CPU.ActiveCfg = Release|Any CPU
		{2D5958CF-8F48-4741-A7FC-1951F4A53340}.Release|Any CPU.Build.0 = Release|Any CPU
	EndGlobalSection
	GlobalSection(SolutionProperties) = preSolution
		HideSolutionNode = FALSE
	EndGlobalSection
	GlobalSection(ExtensibilityGlobals) = postSolution
		SolutionGuid = {6B7771FF-39EB-48A9-B565-572B629BD2DA}
	EndGlobalSection
EndGlobal
